
Microsoft Visual Studio Solution File, Format Version 12.00
# Visual Studio Version 17
VisualStudioVersion = 17.0.31903.59
MinimumVisualStudioVersion = 10.0.40219.1
Project("{2150E333-8FDC-42A3-9474-1A3956D46DE8}") = "src", "src", "{F25CA91E-2F07-4AA5-AF5B-C2177F5BDD67}"
EndProject
Project("{2150E333-8FDC-42A3-9474-1A3956D46DE8}") = "corePackages", "corePackages", "{E616882A-0B4A-4AAB-9C77-FE43FD8AFD5B}"
EndProject
Project("{FAE04EC0-301F-11D3-BF4B-00C04F79EFBC}") = "Core.Application", "src\corePackages\Core.Application\Core.Application.csproj", "{FE54FAEE-E9EC-49F3-AD49-06AE7E49690E}"
EndProject
Project("{FAE04EC0-301F-11D3-BF4B-00C04F79EFBC}") = "Core.CrossCuttingConcerns", "src\corePackages\Core.CrossCuttingConcerns\Core.CrossCuttingConcerns.csproj", "{7C7F4C11-99B0-4BBC-A635-A212F13E9692}"
EndProject
Project("{FAE04EC0-301F-11D3-BF4B-00C04F79EFBC}") = "Core.Mailing", "src\corePackages\Core.Mailing\Core.Mailing.csproj", "{6E3F9989-7FC5-4734-B2E1-9E19BE78CF6A}"
EndProject
Project("{FAE04EC0-301F-11D3-BF4B-00C04F79EFBC}") = "Core.Persistence", "src\corePackages\Core.Persistence\Core.Persistence.csproj", "{8C9C94F5-7D05-4D33-A04E-1855C7C19371}"
EndProject
Project("{FAE04EC0-301F-11D3-BF4B-00C04F79EFBC}") = "Core.Security", "src\corePackages\Core.Security\Core.Security.csproj", "{4FAD54E5-4B80-4C8E-BE33-0C2916793F08}"
EndProject
Project("{2150E333-8FDC-42A3-9474-1A3956D46DE8}") = "store", "store", "{D610AF4F-8794-48F7-9CDC-311B45030E3B}"
EndProject
Project("{FAE04EC0-301F-11D3-BF4B-00C04F79EFBC}") = "Application", "src\store\Application\Application.csproj", "{44A25220-05C4-4DCD-AB4E-17E1E821B021}"
EndProject
Project("{FAE04EC0-301F-11D3-BF4B-00C04F79EFBC}") = "Domain", "src\store\Domain\Domain.csproj", "{A0894B49-3FC4-45C1-8C33-2901699BE72C}"
EndProject
Project("{FAE04EC0-301F-11D3-BF4B-00C04F79EFBC}") = "Infrastructure", "src\store\Infrastructure\Infrastructure.csproj", "{CD5D3386-DDD6-4B85-B260-00722C82C851}"
EndProject
Project("{FAE04EC0-301F-11D3-BF4B-00C04F79EFBC}") = "Persistence", "src\store\Persistence\Persistence.csproj", "{5078DDA9-1228-4DFF-98A3-90B5B5336A1A}"
EndProject
Project("{FAE04EC0-301F-11D3-BF4B-00C04F79EFBC}") = "WebAPI", "src\store\WebAPI\WebAPI.csproj", "{5716ECCA-B7FC-4911-9123-7C07A6A5B815}"
EndProject
Global
	GlobalSection(SolutionConfigurationPlatforms) = preSolution
		Debug|Any CPU = Debug|Any CPU
		Release|Any CPU = Release|Any CPU
	EndGlobalSection
	GlobalSection(SolutionProperties) = preSolution
		HideSolutionNode = FALSE
	EndGlobalSection
	GlobalSection(ProjectConfigurationPlatforms) = postSolution
		{FE54FAEE-E9EC-49F3-AD49-06AE7E49690E}.Debug|Any CPU.ActiveCfg = Debug|Any CPU
		{FE54FAEE-E9EC-49F3-AD49-06AE7E49690E}.Debug|Any CPU.Build.0 = Debug|Any CPU
		{FE54FAEE-E9EC-49F3-AD49-06AE7E49690E}.Release|Any CPU.ActiveCfg = Release|Any CPU
		{FE54FAEE-E9EC-49F3-AD49-06AE7E49690E}.Release|Any CPU.Build.0 = Release|Any CPU
		{7C7F4C11-99B0-4BBC-A635-A212F13E9692}.Debug|Any CPU.ActiveCfg = Debug|Any CPU
		{7C7F4C11-99B0-4BBC-A635-A212F13E9692}.Debug|Any CPU.Build.0 = Debug|Any CPU
		{7C7F4C11-99B0-4BBC-A635-A212F13E9692}.Release|Any CPU.ActiveCfg = Release|Any CPU
		{7C7F4C11-99B0-4BBC-A635-A212F13E9692}.Release|Any CPU.Build.0 = Release|Any CPU
		{6E3F9989-7FC5-4734-B2E1-9E19BE78CF6A}.Debug|Any CPU.ActiveCfg = Debug|Any CPU
		{6E3F9989-7FC5-4734-B2E1-9E19BE78CF6A}.Debug|Any CPU.Build.0 = Debug|Any CPU
		{6E3F9989-7FC5-4734-B2E1-9E19BE78CF6A}.Release|Any CPU.ActiveCfg = Release|Any CPU
		{6E3F9989-7FC5-4734-B2E1-9E19BE78CF6A}.Release|Any CPU.Build.0 = Release|Any CPU
		{8C9C94F5-7D05-4D33-A04E-1855C7C19371}.Debug|Any CPU.ActiveCfg = Debug|Any CPU
		{8C9C94F5-7D05-4D33-A04E-1855C7C19371}.Debug|Any CPU.Build.0 = Debug|Any CPU
		{8C9C94F5-7D05-4D33-A04E-1855C7C19371}.Release|Any CPU.ActiveCfg = Release|Any CPU
		{8C9C94F5-7D05-4D33-A04E-1855C7C19371}.Release|Any CPU.Build.0 = Release|Any CPU
		{4FAD54E5-4B80-4C8E-BE33-0C2916793F08}.Debug|Any CPU.ActiveCfg = Debug|Any CPU
		{4FAD54E5-4B80-4C8E-BE33-0C2916793F08}.Debug|Any CPU.Build.0 = Debug|Any CPU
		{4FAD54E5-4B80-4C8E-BE33-0C2916793F08}.Release|Any CPU.ActiveCfg = Release|Any CPU
		{4FAD54E5-4B80-4C8E-BE33-0C2916793F08}.Release|Any CPU.Build.0 = Release|Any CPU
		{44A25220-05C4-4DCD-AB4E-17E1E821B021}.Debug|Any CPU.ActiveCfg = Debug|Any CPU
		{44A25220-05C4-4DCD-AB4E-17E1E821B021}.Debug|Any CPU.Build.0 = Debug|Any CPU
		{44A25220-05C4-4DCD-AB4E-17E1E821B021}.Release|Any CPU.ActiveCfg = Release|Any CPU
		{44A25220-05C4-4DCD-AB4E-17E1E821B021}.Release|Any CPU.Build.0 = Release|Any CPU
		{A0894B49-3FC4-45C1-8C33-2901699BE72C}.Debug|Any CPU.ActiveCfg = Debug|Any CPU
		{A0894B49-3FC4-45C1-8C33-2901699BE72C}.Debug|Any CPU.Build.0 = Debug|Any CPU
		{A0894B49-3FC4-45C1-8C33-2901699BE72C}.Release|Any CPU.ActiveCfg = Release|Any CPU
		{A0894B49-3FC4-45C1-8C33-2901699BE72C}.Release|Any CPU.Build.0 = Release|Any CPU
		{CD5D3386-DDD6-4B85-B260-00722C82C851}.Debug|Any CPU.ActiveCfg = Debug|Any CPU
		{CD5D3386-DDD6-4B85-B260-00722C82C851}.Debug|Any CPU.Build.0 = Debug|Any CPU
		{CD5D3386-DDD6-4B85-B260-00722C82C851}.Release|Any CPU.ActiveCfg = Release|Any CPU
		{CD5D3386-DDD6-4B85-B260-00722C82C851}.Release|Any CPU.Build.0 = Release|Any CPU
		{5078DDA9-1228-4DFF-98A3-90B5B5336A1A}.Debug|Any CPU.ActiveCfg = Debug|Any CPU
		{5078DDA9-1228-4DFF-98A3-90B5B5336A1A}.Debug|Any CPU.Build.0 = Debug|Any CPU
		{5078DDA9-1228-4DFF-98A3-90B5B5336A1A}.Release|Any CPU.ActiveCfg = Release|Any CPU
		{5078DDA9-1228-4DFF-98A3-90B5B5336A1A}.Release|Any CPU.Build.0 = Release|Any CPU
		{5716ECCA-B7FC-4911-9123-7C07A6A5B815}.Debug|Any CPU.ActiveCfg = Debug|Any CPU
		{5716ECCA-B7FC-4911-9123-7C07A6A5B815}.Debug|Any CPU.Build.0 = Debug|Any CPU
		{5716ECCA-B7FC-4911-9123-7C07A6A5B815}.Release|Any CPU.ActiveCfg = Release|Any CPU
		{5716ECCA-B7FC-4911-9123-7C07A6A5B815}.Release|Any CPU.Build.0 = Release|Any CPU
	EndGlobalSection
	GlobalSection(NestedProjects) = preSolution
		{E616882A-0B4A-4AAB-9C77-FE43FD8AFD5B} = {F25CA91E-2F07-4AA5-AF5B-C2177F5BDD67}
		{FE54FAEE-E9EC-49F3-AD49-06AE7E49690E} = {E616882A-0B4A-4AAB-9C77-FE43FD8AFD5B}
		{7C7F4C11-99B0-4BBC-A635-A212F13E9692} = {E616882A-0B4A-4AAB-9C77-FE43FD8AFD5B}
		{6E3F9989-7FC5-4734-B2E1-9E19BE78CF6A} = {E616882A-0B4A-4AAB-9C77-FE43FD8AFD5B}
		{8C9C94F5-7D05-4D33-A04E-1855C7C19371} = {E616882A-0B4A-4AAB-9C77-FE43FD8AFD5B}
		{4FAD54E5-4B80-4C8E-BE33-0C2916793F08} = {E616882A-0B4A-4AAB-9C77-FE43FD8AFD5B}
		{D610AF4F-8794-48F7-9CDC-311B45030E3B} = {F25CA91E-2F07-4AA5-AF5B-C2177F5BDD67}
		{44A25220-05C4-4DCD-AB4E-17E1E821B021} = {D610AF4F-8794-48F7-9CDC-311B45030E3B}
		{A0894B49-3FC4-45C1-8C33-2901699BE72C} = {D610AF4F-8794-48F7-9CDC-311B45030E3B}
		{CD5D3386-DDD6-4B85-B260-00722C82C851} = {D610AF4F-8794-48F7-9CDC-311B45030E3B}
		{5078DDA9-1228-4DFF-98A3-90B5B5336A1A} = {D610AF4F-8794-48F7-9CDC-311B45030E3B}
		{5716ECCA-B7FC-4911-9123-7C07A6A5B815} = {D610AF4F-8794-48F7-9CDC-311B45030E3B}
	EndGlobalSection
EndGlobal
