
Microsoft Visual Studio Solution File, Format Version 12.00
# Visual Studio Version 17
VisualStudioVersion = 17.0.31903.59
MinimumVisualStudioVersion = 10.0.40219.1
Project("{2150E333-8FDC-42A3-9474-1A3956D46DE8}") = "src", "src", "{EDFBEEC7-63DE-415E-9872-A29C52897C78}"
EndProject
Project("{2150E333-8FDC-42A3-9474-1A3956D46DE8}") = "corePackages", "corePackages", "{34AC9A02-3C8B-4543-8322-0530BCFB8E99}"
EndProject
Project("{FAE04EC0-301F-11D3-BF4B-00C04F79EFBC}") = "Core.Application", "src\corePackages\Core.Application\Core.Application.csproj", "{F2E1DDE4-0985-46E4-BD00-58733DF8D89C}"
EndProject
Project("{FAE04EC0-301F-11D3-BF4B-00C04F79EFBC}") = "Core.CrossCuttingConcerns", "src\corePackages\Core.CrossCuttingConcerns\Core.CrossCuttingConcerns.csproj", "{17D1DC05-367B-4079-940F-936C60FDAAE5}"
EndProject
Project("{FAE04EC0-301F-11D3-BF4B-00C04F79EFBC}") = "Core.Mailing", "src\corePackages\Core.Mailing\Core.Mailing.csproj", "{B9E4B5CB-E1F4-44EA-9136-8CCE14643848}"
EndProject
Project("{FAE04EC0-301F-11D3-BF4B-00C04F79EFBC}") = "Core.Persistence", "src\corePackages\Core.Persistence\Core.Persistence.csproj", "{FCBCA174-670E-4B97-8251-54E76E1375E8}"
EndProject
Project("{FAE04EC0-301F-11D3-BF4B-00C04F79EFBC}") = "Core.Security", "src\corePackages\Core.Security\Core.Security.csproj", "{81CF2498-17EA-42E6-8618-C2B3C2E198A9}"
EndProject
Project("{2150E333-8FDC-42A3-9474-1A3956D46DE8}") = "store", "store", "{4E7CE43F-2C7E-457C-8FC8-F1F4106B7B22}"
EndProject
Project("{FAE04EC0-301F-11D3-BF4B-00C04F79EFBC}") = "Application", "src\store\Application\Application.csproj", "{00685F38-87EA-4D5D-8A41-1621B7838960}"
EndProject
Project("{FAE04EC0-301F-11D3-BF4B-00C04F79EFBC}") = "Domain", "src\store\Domain\Domain.csproj", "{DBD38E67-72E2-4F6F-AF69-5B4AE60970A7}"
EndProject
Project("{FAE04EC0-301F-11D3-BF4B-00C04F79EFBC}") = "Infrastructure", "src\store\Infrastructure\Infrastructure.csproj", "{D8146CA7-2BE9-419E-BA55-94485C941C11}"
EndProject
Project("{FAE04EC0-301F-11D3-BF4B-00C04F79EFBC}") = "Persistence", "src\store\Persistence\Persistence.csproj", "{C76E7025-8D7B-42F7-AB58-56275E5069C4}"
EndProject
Project("{FAE04EC0-301F-11D3-BF4B-00C04F79EFBC}") = "WebAPI", "src\store\WebAPI\WebAPI.csproj", "{6373A590-CD33-4388-BC8B-DB2CF1B61D9E}"
EndProject
Global
	GlobalSection(SolutionConfigurationPlatforms) = preSolution
		Debug|Any CPU = Debug|Any CPU
		Release|Any CPU = Release|Any CPU
	EndGlobalSection
	GlobalSection(SolutionProperties) = preSolution
		HideSolutionNode = FALSE
	EndGlobalSection
	GlobalSection(ProjectConfigurationPlatforms) = postSolution
		{F2E1DDE4-0985-46E4-BD00-58733DF8D89C}.Debug|Any CPU.ActiveCfg = Debug|Any CPU
		{F2E1DDE4-0985-46E4-BD00-58733DF8D89C}.Debug|Any CPU.Build.0 = Debug|Any CPU
		{F2E1DDE4-0985-46E4-BD00-58733DF8D89C}.Release|Any CPU.ActiveCfg = Release|Any CPU
		{F2E1DDE4-0985-46E4-BD00-58733DF8D89C}.Release|Any CPU.Build.0 = Release|Any CPU
		{17D1DC05-367B-4079-940F-936C60FDAAE5}.Debug|Any CPU.ActiveCfg = Debug|Any CPU
		{17D1DC05-367B-4079-940F-936C60FDAAE5}.Debug|Any CPU.Build.0 = Debug|Any CPU
		{17D1DC05-367B-4079-940F-936C60FDAAE5}.Release|Any CPU.ActiveCfg = Release|Any CPU
		{17D1DC05-367B-4079-940F-936C60FDAAE5}.Release|Any CPU.Build.0 = Release|Any CPU
		{B9E4B5CB-E1F4-44EA-9136-8CCE14643848}.Debug|Any CPU.ActiveCfg = Debug|Any CPU
		{B9E4B5CB-E1F4-44EA-9136-8CCE14643848}.Debug|Any CPU.Build.0 = Debug|Any CPU
		{B9E4B5CB-E1F4-44EA-9136-8CCE14643848}.Release|Any CPU.ActiveCfg = Release|Any CPU
		{B9E4B5CB-E1F4-44EA-9136-8CCE14643848}.Release|Any CPU.Build.0 = Release|Any CPU
		{FCBCA174-670E-4B97-8251-54E76E1375E8}.Debug|Any CPU.ActiveCfg = Debug|Any CPU
		{FCBCA174-670E-4B97-8251-54E76E1375E8}.Debug|Any CPU.Build.0 = Debug|Any CPU
		{FCBCA174-670E-4B97-8251-54E76E1375E8}.Release|Any CPU.ActiveCfg = Release|Any CPU
		{FCBCA174-670E-4B97-8251-54E76E1375E8}.Release|Any CPU.Build.0 = Release|Any CPU
		{81CF2498-17EA-42E6-8618-C2B3C2E198A9}.Debug|Any CPU.ActiveCfg = Debug|Any CPU
		{81CF2498-17EA-42E6-8618-C2B3C2E198A9}.Debug|Any CPU.Build.0 = Debug|Any CPU
		{81CF2498-17EA-42E6-8618-C2B3C2E198A9}.Release|Any CPU.ActiveCfg = Release|Any CPU
		{81CF2498-17EA-42E6-8618-C2B3C2E198A9}.Release|Any CPU.Build.0 = Release|Any CPU
		{00685F38-87EA-4D5D-8A41-1621B7838960}.Debug|Any CPU.ActiveCfg = Debug|Any CPU
		{00685F38-87EA-4D5D-8A41-1621B7838960}.Debug|Any CPU.Build.0 = Debug|Any CPU
		{00685F38-87EA-4D5D-8A41-1621B7838960}.Release|Any CPU.ActiveCfg = Release|Any CPU
		{00685F38-87EA-4D5D-8A41-1621B7838960}.Release|Any CPU.Build.0 = Release|Any CPU
		{DBD38E67-72E2-4F6F-AF69-5B4AE60970A7}.Debug|Any CPU.ActiveCfg = Debug|Any CPU
		{DBD38E67-72E2-4F6F-AF69-5B4AE60970A7}.Debug|Any CPU.Build.0 = Debug|Any CPU
		{DBD38E67-72E2-4F6F-AF69-5B4AE60970A7}.Release|Any CPU.ActiveCfg = Release|Any CPU
		{DBD38E67-72E2-4F6F-AF69-5B4AE60970A7}.Release|Any CPU.Build.0 = Release|Any CPU
		{D8146CA7-2BE9-419E-BA55-94485C941C11}.Debug|Any CPU.ActiveCfg = Debug|Any CPU
		{D8146CA7-2BE9-419E-BA55-94485C941C11}.Debug|Any CPU.Build.0 = Debug|Any CPU
		{D8146CA7-2BE9-419E-BA55-94485C941C11}.Release|Any CPU.ActiveCfg = Release|Any CPU
		{D8146CA7-2BE9-419E-BA55-94485C941C11}.Release|Any CPU.Build.0 = Release|Any CPU
		{C76E7025-8D7B-42F7-AB58-56275E5069C4}.Debug|Any CPU.ActiveCfg = Debug|Any CPU
		{C76E7025-8D7B-42F7-AB58-56275E5069C4}.Debug|Any CPU.Build.0 = Debug|Any CPU
		{C76E7025-8D7B-42F7-AB58-56275E5069C4}.Release|Any CPU.ActiveCfg = Release|Any CPU
		{C76E7025-8D7B-42F7-AB58-56275E5069C4}.Release|Any CPU.Build.0 = Release|Any CPU
		{6373A590-CD33-4388-BC8B-DB2CF1B61D9E}.Debug|Any CPU.ActiveCfg = Debug|Any CPU
		{6373A590-CD33-4388-BC8B-DB2CF1B61D9E}.Debug|Any CPU.Build.0 = Debug|Any CPU
		{6373A590-CD33-4388-BC8B-DB2CF1B61D9E}.Release|Any CPU.ActiveCfg = Release|Any CPU
		{6373A590-CD33-4388-BC8B-DB2CF1B61D9E}.Release|Any CPU.Build.0 = Release|Any CPU
	EndGlobalSection
	GlobalSection(NestedProjects) = preSolution
		{34AC9A02-3C8B-4543-8322-0530BCFB8E99} = {EDFBEEC7-63DE-415E-9872-A29C52897C78}
		{F2E1DDE4-0985-46E4-BD00-58733DF8D89C} = {34AC9A02-3C8B-4543-8322-0530BCFB8E99}
		{17D1DC05-367B-4079-940F-936C60FDAAE5} = {34AC9A02-3C8B-4543-8322-0530BCFB8E99}
		{B9E4B5CB-E1F4-44EA-9136-8CCE14643848} = {34AC9A02-3C8B-4543-8322-0530BCFB8E99}
		{FCBCA174-670E-4B97-8251-54E76E1375E8} = {34AC9A02-3C8B-4543-8322-0530BCFB8E99}
		{81CF2498-17EA-42E6-8618-C2B3C2E198A9} = {34AC9A02-3C8B-4543-8322-0530BCFB8E99}
		{4E7CE43F-2C7E-457C-8FC8-F1F4106B7B22} = {EDFBEEC7-63DE-415E-9872-A29C52897C78}
		{00685F38-87EA-4D5D-8A41-1621B7838960} = {4E7CE43F-2C7E-457C-8FC8-F1F4106B7B22}
		{DBD38E67-72E2-4F6F-AF69-5B4AE60970A7} = {4E7CE43F-2C7E-457C-8FC8-F1F4106B7B22}
		{D8146CA7-2BE9-419E-BA55-94485C941C11} = {4E7CE43F-2C7E-457C-8FC8-F1F4106B7B22}
		{C76E7025-8D7B-42F7-AB58-56275E5069C4} = {4E7CE43F-2C7E-457C-8FC8-F1F4106B7B22}
		{6373A590-CD33-4388-BC8B-DB2CF1B61D9E} = {4E7CE43F-2C7E-457C-8FC8-F1F4106B7B22}
	EndGlobalSection
EndGlobal
